
Microsoft Visual Studio Solution File, Format Version 12.00
# Visual Studio 15
VisualStudioVersion = 15.0.26730.10
MinimumVisualStudioVersion = 10.0.40219.1
Project("{8BC9CEB8-8B4A-11D0-8D11-00A0C91BC942}") = "SnakeCLI", "SnakeCLI\SnakeCLI.vcxproj", "{40E464E6-39B8-4CB6-8AA4-88144C16BC18}"
EndProject
Global
	GlobalSection(SolutionConfigurationPlatforms) = preSolution
		Debug|x64 = Debug|x64
		Debug|x86 = Debug|x86
		Release|x64 = Release|x64
		Release|x86 = Release|x86
	EndGlobalSection
	GlobalSection(ProjectConfigurationPlatforms) = postSolution
		{40E464E6-39B8-4CB6-8AA4-88144C16BC18}.Debug|x64.ActiveCfg = Debug|x64
		{40E464E6-39B8-4CB6-8AA4-88144C16BC18}.Debug|x64.Build.0 = Debug|x64
		{40E464E6-39B8-4CB6-8AA4-88144C16BC18}.Debug|x86.ActiveCfg = Debug|Win32
		{40E464E6-39B8-4CB6-8AA4-88144C16BC18}.Debug|x86.Build.0 = Debug|Win32
		{40E464E6-39B8-4CB6-8AA4-88144C16BC18}.Release|x64.ActiveCfg = Release|x64
		{40E464E6-39B8-4CB6-8AA4-88144C16BC18}.Release|x64.Build.0 = Release|x64
		{40E464E6-39B8-4CB6-8AA4-88144C16BC18}.Release|x86.ActiveCfg = Release|Win32
		{40E464E6-39B8-4CB6-8AA4-88144C16BC18}.Release|x86.Build.0 = Release|Win32
	EndGlobalSection
	GlobalSection(SolutionProperties) = preSolution
		HideSolutionNode = FALSE
	EndGlobalSection
	GlobalSection(ExtensibilityGlobals) = postSolution
		SolutionGuid = {16F6BE09-B0A1-4730-AC5E-61952A439949}
	EndGlobalSection
EndGlobal
